// !$*UTF8*$!
{
	archiveVersion = 1;
	classes = {
	};
	objectVersion = 50;
	objects = {

/* Begin PBXBuildFile section */
		90710E7B20874FF5002786B9 /* 11.5.cpp in Sources */ = {isa = PBXBuildFile; fileRef = 90710E7920874FF5002786B9 /* 11.5.cpp */; };
		90710E7D20875004002786B9 /* 11.5.main.cpp in Sources */ = {isa = PBXBuildFile; fileRef = 90710E7C20875004002786B9 /* 11.5.main.cpp */; };
		90710E8120877BF9002786B9 /* 11.7.cpp in Sources */ = {isa = PBXBuildFile; fileRef = 90710E7F20877BF9002786B9 /* 11.7.cpp */; };
		90710E8420877C12002786B9 /* 11.7.main.cpp in Sources */ = {isa = PBXBuildFile; fileRef = 90710E8320877C12002786B9 /* 11.7.main.cpp */; };
/* End PBXBuildFile section */

/* Begin PBXCopyFilesBuildPhase section */
		90710E6C20874C35002786B9 /* CopyFiles */ = {
			isa = PBXCopyFilesBuildPhase;
			buildActionMask = 2147483647;
			dstPath = /usr/share/man/man1/;
			dstSubfolderSpec = 0;
			files = (
			);
			runOnlyForDeploymentPostprocessing = 1;
		};
/* End PBXCopyFilesBuildPhase section */

/* Begin PBXFileReference section */
		90710E6E20874C35002786B9 /* ss11_exercise */ = {isa = PBXFileReference; explicitFileType = "compiled.mach-o.executable"; includeInIndex = 0; path = ss11_exercise; sourceTree = BUILT_PRODUCTS_DIR; };
		90710E7920874FF5002786B9 /* 11.5.cpp */ = {isa = PBXFileReference; lastKnownFileType = sourcecode.cpp.cpp; path = 11.5.cpp; sourceTree = "<group>"; };
		90710E7A20874FF5002786B9 /* 11.5.hpp */ = {isa = PBXFileReference; lastKnownFileType = sourcecode.cpp.h; path = 11.5.hpp; sourceTree = "<group>"; };
		90710E7C20875004002786B9 /* 11.5.main.cpp */ = {isa = PBXFileReference; lastKnownFileType = sourcecode.cpp.cpp; path = 11.5.main.cpp; sourceTree = "<group>"; };
		90710E7F20877BF9002786B9 /* 11.7.cpp */ = {isa = PBXFileReference; lastKnownFileType = sourcecode.cpp.cpp; path = 11.7.cpp; sourceTree = "<group>"; };
		90710E8020877BF9002786B9 /* 11.7.hpp */ = {isa = PBXFileReference; lastKnownFileType = sourcecode.cpp.h; path = 11.7.hpp; sourceTree = "<group>"; };
		90710E8320877C12002786B9 /* 11.7.main.cpp */ = {isa = PBXFileReference; lastKnownFileType = sourcecode.cpp.cpp; path = 11.7.main.cpp; sourceTree = "<group>"; };
/* End PBXFileReference section */

/* Begin PBXFrameworksBuildPhase section */
		90710E6B20874C35002786B9 /* Frameworks */ = {
			isa = PBXFrameworksBuildPhase;
			buildActionMask = 2147483647;
			files = (
			);
			runOnlyForDeploymentPostprocessing = 0;
		};
/* End PBXFrameworksBuildPhase section */

/* Begin PBXGroup section */
		90710E6520874C35002786B9 = {
			isa = PBXGroup;
			children = (
				90710E7020874C35002786B9 /* ss11_exercise */,
				90710E6F20874C35002786B9 /* Products */,
			);
			sourceTree = "<group>";
		};
		90710E6F20874C35002786B9 /* Products */ = {
			isa = PBXGroup;
			children = (
				90710E6E20874C35002786B9 /* ss11_exercise */,
			);
			name = Products;
			sourceTree = "<group>";
		};
		90710E7020874C35002786B9 /* ss11_exercise */ = {
			isa = PBXGroup;
			children = (
				90710E7E20877BE8002786B9 /* 11.7 */,
				90710E7820874FCE002786B9 /* 11.5-6 */,
			);
			path = ss11_exercise;
			sourceTree = "<group>";
		};
		90710E7820874FCE002786B9 /* 11.5-6 */ = {
			isa = PBXGroup;
			children = (
				90710E7920874FF5002786B9 /* 11.5.cpp */,
				90710E7A20874FF5002786B9 /* 11.5.hpp */,
				90710E7C20875004002786B9 /* 11.5.main.cpp */,
			);
			path = "11.5-6";
			sourceTree = "<group>";
		};
		90710E7E20877BE8002786B9 /* 11.7 */ = {
			isa = PBXGroup;
			children = (
				90710E7F20877BF9002786B9 /* 11.7.cpp */,
				90710E8020877BF9002786B9 /* 11.7.hpp */,
				90710E8320877C12002786B9 /* 11.7.main.cpp */,
			);
			path = 11.7;
			sourceTree = "<group>";
		};
/* End PBXGroup section */

/* Begin PBXNativeTarget section */
		90710E6D20874C35002786B9 /* ss11_exercise */ = {
			isa = PBXNativeTarget;
			buildConfigurationList = 90710E7520874C35002786B9 /* Build configuration list for PBXNativeTarget "ss11_exercise" */;
			buildPhases = (
				90710E6A20874C35002786B9 /* Sources */,
				90710E6B20874C35002786B9 /* Frameworks */,
				90710E6C20874C35002786B9 /* CopyFiles */,
			);
			buildRules = (
			);
			dependencies = (
			);
			name = ss11_exercise;
			productName = ss11_exercise;
			productReference = 90710E6E20874C35002786B9 /* ss11_exercise */;
			productType = "com.apple.product-type.tool";
		};
/* End PBXNativeTarget section */

/* Begin PBXProject section */
		90710E6620874C35002786B9 /* Project object */ = {
			isa = PBXProject;
			attributes = {
				LastUpgradeCheck = 0930;
				ORGANIZATIONNAME = "王星洲";
				TargetAttributes = {
					90710E6D20874C35002786B9 = {
						CreatedOnToolsVersion = 9.3;
					};
				};
			};
			buildConfigurationList = 90710E6920874C35002786B9 /* Build configuration list for PBXProject "ss11_exercise" */;
			compatibilityVersion = "Xcode 9.3";
			developmentRegion = en;
			hasScannedForEncodings = 0;
			knownRegions = (
				en,
			);
			mainGroup = 90710E6520874C35002786B9;
			productRefGroup = 90710E6F20874C35002786B9 /* Products */;
			projectDirPath = "";
			projectRoot = "";
			targets = (
				90710E6D20874C35002786B9 /* ss11_exercise */,
			);
		};
/* End PBXProject section */

/* Begin PBXSourcesBuildPhase section */
		90710E6A20874C35002786B9 /* Sources */ = {
			isa = PBXSourcesBuildPhase;
			buildActionMask = 2147483647;
			files = (
				90710E8420877C12002786B9 /* 11.7.main.cpp in Sources */,
				90710E8120877BF9002786B9 /* 11.7.cpp in Sources */,
				90710E7D20875004002786B9 /* 11.5.main.cpp in Sources */,
				90710E7B20874FF5002786B9 /* 11.5.cpp in Sources */,
			);
			runOnlyForDeploymentPostprocessing = 0;
		};
/* End PBXSourcesBuildPhase section */

/* Begin XCBuildConfiguration section */
		90710E7320874C35002786B9 /* Debug */ = {
			isa = XCBuildConfiguration;
			buildSettings = {
				ALWAYS_SEARCH_USER_PATHS = NO;
				CLANG_ANALYZER_NONNULL = YES;
				CLANG_ANALYZER_NUMBER_OBJECT_CONVERSION = YES_AGGRESSIVE;
				CLANG_CXX_LANGUAGE_STANDARD = "gnu++14";
				CLANG_CXX_LIBRARY = "libc++";
				CLANG_ENABLE_MODULES = YES;
				CLANG_ENABLE_OBJC_ARC = YES;
				CLANG_ENABLE_OBJC_WEAK = YES;
				CLANG_WARN_BLOCK_CAPTURE_AUTORELEASING = YES;
				CLANG_WARN_BOOL_CONVERSION = YES;
				CLANG_WARN_COMMA = YES;
				CLANG_WARN_CONSTANT_CONVERSION = YES;
				CLANG_WARN_DEPRECATED_OBJC_IMPLEMENTATIONS = YES;
				CLANG_WARN_DIRECT_OBJC_ISA_USAGE = YES_ERROR;
				CLANG_WARN_DOCUMENTATION_COMMENTS = YES;
				CLANG_WARN_EMPTY_BODY = YES;
				CLANG_WARN_ENUM_CONVERSION = YES;
				CLANG_WARN_INFINITE_RECURSION = YES;
				CLANG_WARN_INT_CONVERSION = YES;
				CLANG_WARN_NON_LITERAL_NULL_CONVERSION = YES;
				CLANG_WARN_OBJC_IMPLICIT_RETAIN_SELF = YES;
				CLANG_WARN_OBJC_LITERAL_CONVERSION = YES;
				CLANG_WARN_OBJC_ROOT_CLASS = YES_ERROR;
				CLANG_WARN_RANGE_LOOP_ANALYSIS = YES;
				CLANG_WARN_STRICT_PROTOTYPES = YES;
				CLANG_WARN_SUSPICIOUS_MOVE = YES;
				CLANG_WARN_UNGUARDED_AVAILABILITY = YES_AGGRESSIVE;
				CLANG_WARN_UNREACHABLE_CODE = YES;
				CLANG_WARN__DUPLICATE_METHOD_MATCH = YES;
				CODE_SIGN_IDENTITY = "Mac Developer";
				COPY_PHASE_STRIP = NO;
				DEBUG_INFORMATION_FORMAT = dwarf;
				ENABLE_STRICT_OBJC_MSGSEND = YES;
				ENABLE_TESTABILITY = YES;
				GCC_C_LANGUAGE_STANDARD = gnu11;
				GCC_DYNAMIC_NO_PIC = NO;
				GCC_NO_COMMON_BLOCKS = YES;
				GCC_OPTIMIZATION_LEVEL = 0;
				GCC_PREPROCESSOR_DEFINITIONS = (
					"DEBUG=1",
					"$(inherited)",
				);
				GCC_WARN_64_TO_32_BIT_CONVERSION = YES;
				GCC_WARN_ABOUT_RETURN_TYPE = YES_ERROR;
				GCC_WARN_UNDECLARED_SELECTOR = YES;
				GCC_WARN_UNINITIALIZED_AUTOS = YES_AGGRESSIVE;
				GCC_WARN_UNUSED_FUNCTION = YES;
				GCC_WARN_UNUSED_VARIABLE = YES;
				MACOSX_DEPLOYMENT_TARGET = 10.13;
				MTL_ENABLE_DEBUG_INFO = YES;
				ONLY_ACTIVE_ARCH = YES;
				SDKROOT = macosx;
			};
			name = Debug;
		};
		90710E7420874C35002786B9 /* Release */ = {
			isa = XCBuildConfiguration;
			buildSettings = {
				ALWAYS_SEARCH_USER_PATHS = NO;
				CLANG_ANALYZER_NONNULL = YES;
				CLANG_ANALYZER_NUMBER_OBJECT_CONVERSION = YES_AGGRESSIVE;
				CLANG_CXX_LANGUAGE_STANDARD = "gnu++14";
				CLANG_CXX_LIBRARY = "libc++";
				CLANG_ENABLE_MODULES = YES;
				CLANG_ENABLE_OBJC_ARC = YES;
				CLANG_ENABLE_OBJC_WEAK = YES;
				CLANG_WARN_BLOCK_CAPTURE_AUTORELEASING = YES;
				CLANG_WARN_BOOL_CONVERSION = YES;
				CLANG_WARN_COMMA = YES;
				CLANG_WARN_CONSTANT_CONVERSION = YES;
				CLANG_WARN_DEPRECATED_OBJC_IMPLEMENTATIONS = YES;
				CLANG_WARN_DIRECT_OBJC_ISA_USAGE = YES_ERROR;
				CLANG_WARN_DOCUMENTATION_COMMENTS = YES;
				CLANG_WARN_EMPTY_BODY = YES;
				CLANG_WARN_ENUM_CONVERSION = YES;
				CLANG_WARN_INFINITE_RECURSION = YES;
				CLANG_WARN_INT_CONVERSION = YES;
				CLANG_WARN_NON_LITERAL_NULL_CONVERSION = YES;
				CLANG_WARN_OBJC_IMPLICIT_RETAIN_SELF = YES;
				CLANG_WARN_OBJC_LITERAL_CONVERSION = YES;
				CLANG_WARN_OBJC_ROOT_CLASS = YES_ERROR;
				CLANG_WARN_RANGE_LOOP_ANALYSIS = YES;
				CLANG_WARN_STRICT_PROTOTYPES = YES;
				CLANG_WARN_SUSPICIOUS_MOVE = YES;
				CLANG_WARN_UNGUARDED_AVAILABILITY = YES_AGGRESSIVE;
				CLANG_WARN_UNREACHABLE_CODE = YES;
				CLANG_WARN__DUPLICATE_METHOD_MATCH = YES;
				CODE_SIGN_IDENTITY = "Mac Developer";
				COPY_PHASE_STRIP = NO;
				DEBUG_INFORMATION_FORMAT = "dwarf-with-dsym";
				ENABLE_NS_ASSERTIONS = NO;
				ENABLE_STRICT_OBJC_MSGSEND = YES;
				GCC_C_LANGUAGE_STANDARD = gnu11;
				GCC_NO_COMMON_BLOCKS = YES;
				GCC_WARN_64_TO_32_BIT_CONVERSION = YES;
				GCC_WARN_ABOUT_RETURN_TYPE = YES_ERROR;
				GCC_WARN_UNDECLARED_SELECTOR = YES;
				GCC_WARN_UNINITIALIZED_AUTOS = YES_AGGRESSIVE;
				GCC_WARN_UNUSED_FUNCTION = YES;
				GCC_WARN_UNUSED_VARIABLE = YES;
				MACOSX_DEPLOYMENT_TARGET = 10.13;
				MTL_ENABLE_DEBUG_INFO = NO;
				SDKROOT = macosx;
			};
			name = Release;
		};
		90710E7620874C35002786B9 /* Debug */ = {
			isa = XCBuildConfiguration;
			buildSettings = {
				CODE_SIGN_STYLE = Automatic;
				DEVELOPMENT_TEAM = SYHLX35TA5;
				PRODUCT_NAME = "$(TARGET_NAME)";
			};
			name = Debug;
		};
		90710E7720874C35002786B9 /* Release */ = {
			isa = XCBuildConfiguration;
			buildSettings = {
				CODE_SIGN_STYLE = Automatic;
				DEVELOPMENT_TEAM = SYHLX35TA5;
				PRODUCT_NAME = "$(TARGET_NAME)";
			};
			name = Release;
		};
/* End XCBuildConfiguration section */

/* Begin XCConfigurationList section */
		90710E6920874C35002786B9 /* Build configuration list for PBXProject "ss11_exercise" */ = {
			isa = XCConfigurationList;
			buildConfigurations = (
				90710E7320874C35002786B9 /* Debug */,
				90710E7420874C35002786B9 /* Release */,
			);
			defaultConfigurationIsVisible = 0;
			defaultConfigurationName = Release;
		};
		90710E7520874C35002786B9 /* Build configuration list for PBXNativeTarget "ss11_exercise" */ = {
			isa = XCConfigurationList;
			buildConfigurations = (
				90710E7620874C35002786B9 /* Debug */,
				90710E7720874C35002786B9 /* Release */,
			);
			defaultConfigurationIsVisible = 0;
			defaultConfigurationName = Release;
		};
/* End XCConfigurationList section */
	};
	rootObject = 90710E6620874C35002786B9 /* Project object */;
}
